// !$*UTF8*$!
{
	archiveVersion = 1;
	classes = {
	};
	objectVersion = 50;
	objects = {

/* Begin PBXBuildFile section */
		136425B225D913EF005AF95B /* AppDelegate.m in Sources */ = {isa = PBXBuildFile; fileRef = 136425B125D913EF005AF95B /* AppDelegate.m */; };
		136425B525D913EF005AF95B /* SceneDelegate.m in Sources */ = {isa = PBXBuildFile; fileRef = 136425B425D913EF005AF95B /* SceneDelegate.m */; };
		136425B825D913EF005AF95B /* ViewController.m in Sources */ = {isa = PBXBuildFile; fileRef = 136425B725D913EF005AF95B /* ViewController.m */; };
		136425BB25D913EF005AF95B /* Main.storyboard in Resources */ = {isa = PBXBuildFile; fileRef = 136425B925D913EF005AF95B /* Main.storyboard */; };
		136425BD25D913F2005AF95B /* Assets.xcassets in Resources */ = {isa = PBXBuildFile; fileRef = 136425BC25D913F2005AF95B /* Assets.xcassets */; };
		136425C025D913F2005AF95B /* LaunchScreen.storyboard in Resources */ = {isa = PBXBuildFile; fileRef = 136425BE25D913F2005AF95B /* LaunchScreen.storyboard */; };
		136425C325D913F2005AF95B /* main.m in Sources */ = {isa = PBXBuildFile; fileRef = 136425C225D913F2005AF95B /* main.m */; };
		136425D525D916CC005AF95B /* HPStaticFramework.framework in Frameworks */ = {isa = PBXBuildFile; fileRef = 136425D025D91686005AF95B /* HPStaticFramework.framework */; };
/* End PBXBuildFile section */

/* Begin PBXFileReference section */
		136425AD25D913EF005AF95B /* TestApp.app */ = {isa = PBXFileReference; explicitFileType = wrapper.application; includeInIndex = 0; path = TestApp.app; sourceTree = BUILT_PRODUCTS_DIR; };
		136425B025D913EF005AF95B /* AppDelegate.h */ = {isa = PBXFileReference; lastKnownFileType = sourcecode.c.h; path = AppDelegate.h; sourceTree = "<group>"; };
		136425B125D913EF005AF95B /* AppDelegate.m */ = {isa = PBXFileReference; lastKnownFileType = sourcecode.c.objc; path = AppDelegate.m; sourceTree = "<group>"; };
		136425B325D913EF005AF95B /* SceneDelegate.h */ = {isa = PBXFileReference; lastKnownFileType = sourcecode.c.h; path = SceneDelegate.h; sourceTree = "<group>"; };
		136425B425D913EF005AF95B /* SceneDelegate.m */ = {isa = PBXFileReference; lastKnownFileType = sourcecode.c.objc; path = SceneDelegate.m; sourceTree = "<group>"; };
		136425B625D913EF005AF95B /* ViewController.h */ = {isa = PBXFileReference; lastKnownFileType = sourcecode.c.h; path = ViewController.h; sourceTree = "<group>"; };
		136425B725D913EF005AF95B /* ViewController.m */ = {isa = PBXFileReference; lastKnownFileType = sourcecode.c.objc; path = ViewController.m; sourceTree = "<group>"; };
		136425BA25D913EF005AF95B /* Base */ = {isa = PBXFileReference; lastKnownFileType = file.storyboard; name = Base; path = Base.lproj/Main.storyboard; sourceTree = "<group>"; };
		136425BC25D913F2005AF95B /* Assets.xcassets */ = {isa = PBXFileReference; lastKnownFileType = folder.assetcatalog; path = Assets.xcassets; sourceTree = "<group>"; };
		136425BF25D913F2005AF95B /* Base */ = {isa = PBXFileReference; lastKnownFileType = file.storyboard; name = Base; path = Base.lproj/LaunchScreen.storyboard; sourceTree = "<group>"; };
		136425C125D913F2005AF95B /* Info.plist */ = {isa = PBXFileReference; lastKnownFileType = text.plist.xml; path = Info.plist; sourceTree = "<group>"; };
		136425C225D913F2005AF95B /* main.m */ = {isa = PBXFileReference; lastKnownFileType = sourcecode.c.objc; path = main.m; sourceTree = "<group>"; };
		136425D025D91686005AF95B /* HPStaticFramework.framework */ = {isa = PBXFileReference; explicitFileType = wrapper.framework; path = HPStaticFramework.framework; sourceTree = BUILT_PRODUCTS_DIR; };
		136425DA25D91B40005AF95B /* Config.TestApp.Debug.xcconfig */ = {isa = PBXFileReference; lastKnownFileType = text.xcconfig; path = Config.TestApp.Debug.xcconfig; sourceTree = "<group>"; };
/* End PBXFileReference section */

/* Begin PBXFrameworksBuildPhase section */
		136425AA25D913EF005AF95B /* Frameworks */ = {
			isa = PBXFrameworksBuildPhase;
			buildActionMask = 2147483647;
			files = (
				136425D525D916CC005AF95B /* HPStaticFramework.framework in Frameworks */,
			);
			runOnlyForDeploymentPostprocessing = 0;
		};
/* End PBXFrameworksBuildPhase section */

/* Begin PBXGroup section */
		136425A425D913EF005AF95B = {
			isa = PBXGroup;
			children = (
				136425AF25D913EF005AF95B /* TestApp */,
				136425AE25D913EF005AF95B /* Products */,
				136425CF25D91686005AF95B /* Frameworks */,
			);
			sourceTree = "<group>";
		};
		136425AE25D913EF005AF95B /* Products */ = {
			isa = PBXGroup;
			children = (
				136425AD25D913EF005AF95B /* TestApp.app */,
			);
			name = Products;
			sourceTree = "<group>";
		};
		136425AF25D913EF005AF95B /* TestApp */ = {
			isa = PBXGroup;
			children = (
				136425D925D91B1F005AF95B /* Config */,
				136425B025D913EF005AF95B /* AppDelegate.h */,
				136425B125D913EF005AF95B /* AppDelegate.m */,
				136425B325D913EF005AF95B /* SceneDelegate.h */,
				136425B425D913EF005AF95B /* SceneDelegate.m */,
				136425B625D913EF005AF95B /* ViewController.h */,
				136425B725D913EF005AF95B /* ViewController.m */,
				136425B925D913EF005AF95B /* Main.storyboard */,
				136425BC25D913F2005AF95B /* Assets.xcassets */,
				136425BE25D913F2005AF95B /* LaunchScreen.storyboard */,
				136425C125D913F2005AF95B /* Info.plist */,
				136425C225D913F2005AF95B /* main.m */,
			);
			path = TestApp;
			sourceTree = "<group>";
		};
		136425CF25D91686005AF95B /* Frameworks */ = {
			isa = PBXGroup;
			children = (
				136425D025D91686005AF95B /* HPStaticFramework.framework */,
			);
			name = Frameworks;
			sourceTree = "<group>";
		};
		136425D925D91B1F005AF95B /* Config */ = {
			isa = PBXGroup;
			children = (
				136425DA25D91B40005AF95B /* Config.TestApp.Debug.xcconfig */,
			);
			path = Config;
			sourceTree = "<group>";
		};
/* End PBXGroup section */

/* Begin PBXNativeTarget section */
		136425AC25D913EF005AF95B /* TestApp */ = {
			isa = PBXNativeTarget;
			buildConfigurationList = 136425C625D913F2005AF95B /* Build configuration list for PBXNativeTarget "TestApp" */;
			buildPhases = (
				136425A925D913EF005AF95B /* Sources */,
				136425AA25D913EF005AF95B /* Frameworks */,
				136425AB25D913EF005AF95B /* Resources */,
			);
			buildRules = (
			);
			dependencies = (
			);
			name = TestApp;
			productName = TestApp;
			productReference = 136425AD25D913EF005AF95B /* TestApp.app */;
			productType = "com.apple.product-type.application";
		};
/* End PBXNativeTarget section */

/* Begin PBXProject section */
		136425A525D913EF005AF95B /* Project object */ = {
			isa = PBXProject;
			attributes = {
				LastUpgradeCheck = 1220;
				TargetAttributes = {
					136425AC25D913EF005AF95B = {
						CreatedOnToolsVersion = 12.2;
					};
				};
			};
			buildConfigurationList = 136425A825D913EF005AF95B /* Build configuration list for PBXProject "TestApp" */;
			compatibilityVersion = "Xcode 9.3";
			developmentRegion = en;
			hasScannedForEncodings = 0;
			knownRegions = (
				en,
				Base,
			);
			mainGroup = 136425A425D913EF005AF95B;
			productRefGroup = 136425AE25D913EF005AF95B /* Products */;
			projectDirPath = "";
			projectRoot = "";
			targets = (
				136425AC25D913EF005AF95B /* TestApp */,
			);
		};
/* End PBXProject section */

/* Begin PBXResourcesBuildPhase section */
		136425AB25D913EF005AF95B /* Resources */ = {
			isa = PBXResourcesBuildPhase;
			buildActionMask = 2147483647;
			files = (
				136425C025D913F2005AF95B /* LaunchScreen.storyboard in Resources */,
				136425BD25D913F2005AF95B /* Assets.xcassets in Resources */,
				136425BB25D913EF005AF95B /* Main.storyboard in Resources */,
			);
			runOnlyForDeploymentPostprocessing = 0;
		};
/* End PBXResourcesBuildPhase section */

/* Begin PBXSourcesBuildPhase section */
		136425A925D913EF005AF95B /* Sources */ = {
			isa = PBXSourcesBuildPhase;
			buildActionMask = 2147483647;
			files = (
				136425B825D913EF005AF95B /* ViewController.m in Sources */,
				136425B225D913EF005AF95B /* AppDelegate.m in Sources */,
				136425C325D913F2005AF95B /* main.m in Sources */,
				136425B525D913EF005AF95B /* SceneDelegate.m in Sources */,
			);
			runOnlyForDeploymentPostprocessing = 0;
		};
/* End PBXSourcesBuildPhase section */

/* Begin PBXVariantGroup section */
		136425B925D913EF005AF95B /* Main.storyboard */ = {
			isa = PBXVariantGroup;
			children = (
				136425BA25D913EF005AF95B /* Base */,
			);
			name = Main.storyboard;
			sourceTree = "<group>";
		};
		136425BE25D913F2005AF95B /* LaunchScreen.storyboard */ = {
			isa = PBXVariantGroup;
			children = (
				136425BF25D913F2005AF95B /* Base */,
			);
			name = LaunchScreen.storyboard;
			sourceTree = "<group>";
		};
/* End PBXVariantGroup section */

/* Begin XCBuildConfiguration section */
		136425C425D913F2005AF95B /* Debug */ = {
			isa = XCBuildConfiguration;
			buildSettings = {
				ALWAYS_SEARCH_USER_PATHS = NO;
				CLANG_ANALYZER_NONNULL = YES;
				CLANG_ANALYZER_NUMBER_OBJECT_CONVERSION = YES_AGGRESSIVE;
				CLANG_CXX_LANGUAGE_STANDARD = "gnu++14";
				CLANG_CXX_LIBRARY = "libc++";
				CLANG_ENABLE_MODULES = YES;
				CLANG_ENABLE_OBJC_ARC = YES;
				CLANG_ENABLE_OBJC_WEAK = YES;
				CLANG_WARN_BLOCK_CAPTURE_AUTORELEASING = YES;
				CLANG_WARN_BOOL_CONVERSION = YES;
				CLANG_WARN_COMMA = YES;
				CLANG_WARN_CONSTANT_CONVERSION = YES;
				CLANG_WARN_DEPRECATED_OBJC_IMPLEMENTATIONS = YES;
				CLANG_WARN_DIRECT_OBJC_ISA_USAGE = YES_ERROR;
				CLANG_WARN_DOCUMENTATION_COMMENTS = YES;
				CLANG_WARN_EMPTY_BODY = YES;
				CLANG_WARN_ENUM_CONVERSION = YES;
				CLANG_WARN_INFINITE_RECURSION = YES;
				CLANG_WARN_INT_CONVERSION = YES;
				CLANG_WARN_NON_LITERAL_NULL_CONVERSION = YES;
				CLANG_WARN_OBJC_IMPLICIT_RETAIN_SELF = YES;
				CLANG_WARN_OBJC_LITERAL_CONVERSION = YES;
				CLANG_WARN_OBJC_ROOT_CLASS = YES_ERROR;
				CLANG_WARN_QUOTED_INCLUDE_IN_FRAMEWORK_HEADER = YES;
				CLANG_WARN_RANGE_LOOP_ANALYSIS = YES;
				CLANG_WARN_STRICT_PROTOTYPES = YES;
				CLANG_WARN_SUSPICIOUS_MOVE = YES;
				CLANG_WARN_UNGUARDED_AVAILABILITY = YES_AGGRESSIVE;
				CLANG_WARN_UNREACHABLE_CODE = YES;
				CLANG_WARN__DUPLICATE_METHOD_MATCH = YES;
				COPY_PHASE_STRIP = NO;
				DEBUG_INFORMATION_FORMAT = dwarf;
				ENABLE_STRICT_OBJC_MSGSEND = YES;
				ENABLE_TESTABILITY = YES;
				GCC_C_LANGUAGE_STANDARD = gnu11;
				GCC_DYNAMIC_NO_PIC = NO;
				GCC_NO_COMMON_BLOCKS = YES;
				GCC_OPTIMIZATION_LEVEL = 0;
				GCC_PREPROCESSOR_DEFINITIONS = (
					"DEBUG=1",
					"$(inherited)",
				);
				GCC_WARN_64_TO_32_BIT_CONVERSION = YES;
				GCC_WARN_ABOUT_RETURN_TYPE = YES_ERROR;
				GCC_WARN_UNDECLARED_SELECTOR = YES;
				GCC_WARN_UNINITIALIZED_AUTOS = YES_AGGRESSIVE;
				GCC_WARN_UNUSED_FUNCTION = YES;
				GCC_WARN_UNUSED_VARIABLE = YES;
				IPHONEOS_DEPLOYMENT_TARGET = 14.2;
				MTL_ENABLE_DEBUG_INFO = INCLUDE_SOURCE;
				MTL_FAST_MATH = YES;
				ONLY_ACTIVE_ARCH = YES;
				SDKROOT = iphoneos;
			};
			name = Debug;
		};
		136425C525D913F2005AF95B /* Release */ = {
			isa = XCBuildConfiguration;
			buildSettings = {
				ALWAYS_SEARCH_USER_PATHS = NO;
				CLANG_ANALYZER_NONNULL = YES;
				CLANG_ANALYZER_NUMBER_OBJECT_CONVERSION = YES_AGGRESSIVE;
				CLANG_CXX_LANGUAGE_STANDARD = "gnu++14";
				CLANG_CXX_LIBRARY = "libc++";
				CLANG_ENABLE_MODULES = YES;
				CLANG_ENABLE_OBJC_ARC = YES;
				CLANG_ENABLE_OBJC_WEAK = YES;
				CLANG_WARN_BLOCK_CAPTURE_AUTORELEASING = YES;
				CLANG_WARN_BOOL_CONVERSION = YES;
				CLANG_WARN_COMMA = YES;
				CLANG_WARN_CONSTANT_CONVERSION = YES;
				CLANG_WARN_DEPRECATED_OBJC_IMPLEMENTATIONS = YES;
				CLANG_WARN_DIRECT_OBJC_ISA_USAGE = YES_ERROR;
				CLANG_WARN_DOCUMENTATION_COMMENTS = YES;
				CLANG_WARN_EMPTY_BODY = YES;
				CLANG_WARN_ENUM_CONVERSION = YES;
				CLANG_WARN_INFINITE_RECURSION = YES;
				CLANG_WARN_INT_CONVERSION = YES;
				CLANG_WARN_NON_LITERAL_NULL_CONVERSION = YES;
				CLANG_WARN_OBJC_IMPLICIT_RETAIN_SELF = YES;
				CLANG_WARN_OBJC_LITERAL_CONVERSION = YES;
				CLANG_WARN_OBJC_ROOT_CLASS = YES_ERROR;
				CLANG_WARN_QUOTED_INCLUDE_IN_FRAMEWORK_HEADER = YES;
				CLANG_WARN_RANGE_LOOP_ANALYSIS = YES;
				CLANG_WARN_STRICT_PROTOTYPES = YES;
				CLANG_WARN_SUSPICIOUS_MOVE = YES;
				CLANG_WARN_UNGUARDED_AVAILABILITY = YES_AGGRESSIVE;
				CLANG_WARN_UNREACHABLE_CODE = YES;
				CLANG_WARN__DUPLICATE_METHOD_MATCH = YES;
				COPY_PHASE_STRIP = NO;
				DEBUG_INFORMATION_FORMAT = "dwarf-with-dsym";
				ENABLE_NS_ASSERTIONS = NO;
				ENABLE_STRICT_OBJC_MSGSEND = YES;
				GCC_C_LANGUAGE_STANDARD = gnu11;
				GCC_NO_COMMON_BLOCKS = YES;
				GCC_WARN_64_TO_32_BIT_CONVERSION = YES;
				GCC_WARN_ABOUT_RETURN_TYPE = YES_ERROR;
				GCC_WARN_UNDECLARED_SELECTOR = YES;
				GCC_WARN_UNINITIALIZED_AUTOS = YES_AGGRESSIVE;
				GCC_WARN_UNUSED_FUNCTION = YES;
				GCC_WARN_UNUSED_VARIABLE = YES;
				IPHONEOS_DEPLOYMENT_TARGET = 14.2;
				MTL_ENABLE_DEBUG_INFO = NO;
				MTL_FAST_MATH = YES;
				SDKROOT = iphoneos;
				VALIDATE_PRODUCT = YES;
			};
			name = Release;
		};
		136425C725D913F2005AF95B /* Debug */ = {
			isa = XCBuildConfiguration;
			baseConfigurationReference = 136425DA25D91B40005AF95B /* Config.TestApp.Debug.xcconfig */;
			buildSettings = {
				ASSETCATALOG_COMPILER_APPICON_NAME = AppIcon;
				ASSETCATALOG_COMPILER_GLOBAL_ACCENT_COLOR_NAME = AccentColor;
				CODE_SIGN_STYLE = Automatic;
				INFOPLIST_FILE = TestApp/Info.plist;
				LD_RUNPATH_SEARCH_PATHS = (
					"$(inherited)",
					"@executable_path/Frameworks",
				);
				PRODUCT_BUNDLE_IDENTIFIER = HotpotCat.TestApp;
				PRODUCT_NAME = "$(TARGET_NAME)";
				TARGETED_DEVICE_FAMILY = "1,2";
			};
			name = Debug;
		};
		136425C825D913F2005AF95B /* Release */ = {
			isa = XCBuildConfiguration;
			buildSettings = {
				ASSETCATALOG_COMPILER_APPICON_NAME = AppIcon;
				ASSETCATALOG_COMPILER_GLOBAL_ACCENT_COLOR_NAME = AccentColor;
				CODE_SIGN_STYLE = Automatic;
				INFOPLIST_FILE = TestApp/Info.plist;
				LD_RUNPATH_SEARCH_PATHS = (
					"$(inherited)",
					"@executable_path/Frameworks",
				);
				PRODUCT_BUNDLE_IDENTIFIER = HotpotCat.TestApp;
				PRODUCT_NAME = "$(TARGET_NAME)";
				TARGETED_DEVICE_FAMILY = "1,2";
			};
			name = Release;
		};
/* End XCBuildConfiguration section */

/* Begin XCConfigurationList section */
		136425A825D913EF005AF95B /* Build configuration list for PBXProject "TestApp" */ = {
			isa = XCConfigurationList;
			buildConfigurations = (
				136425C425D913F2005AF95B /* Debug */,
				136425C525D913F2005AF95B /* Release */,
			);
			defaultConfigurationIsVisible = 0;
			defaultConfigurationName = Release;
		};
		136425C625D913F2005AF95B /* Build configuration list for PBXNativeTarget "TestApp" */ = {
			isa = XCConfigurationList;
			buildConfigurations = (
				136425C725D913F2005AF95B /* Debug */,
				136425C825D913F2005AF95B /* Release */,
			);
			defaultConfigurationIsVisible = 0;
			defaultConfigurationName = Release;
		};
/* End XCConfigurationList section */
	};
	rootObject = 136425A525D913EF005AF95B /* Project object */;
}
